version = 1
revision = 3
requires-python = ">=3.12"

[manifest]
members = [
    "ocel",
]

[manifest.dependency-groups]
dev = [
    { name = "pytest", specifier = ">=8" },
    { name = "pytest-asyncio", specifier = ">=1" },
    { name = "ruff", specifier = ">=0.14" },
]

[[package]]
name = "asyncpg"
version = "0.31.0"
source = { registry = "https://pypi.org/simple" }
sdist = { url = "https://files.pythonhosted.org/packages/fe/cc/d18065ce2380d80b1bcce927c24a2642efd38918e33fd724bc4bca904877/asyncpg-0.31.0.tar.gz", hash = "sha256:c989386c83940bfbd787180f2b1519415e2d3d6277a70d9d0f0145ac73500735", size = 993667, upload-time = "2025-11-24T23:27:00.812Z" }
wheels = [
    { url = "https://files.pythonhosted.org/packages/2a/a6/59d0a146e61d20e18db7396583242e32e0f120693b67a8de43f1557033e2/asyncpg-0.31.0-cp312-cp312-macosx_10_13_x86_64.whl", hash = "sha256:b44c31e1efc1c15188ef183f287c728e2046abb1d26af4d20858215d50d91fad", size = 662042, upload-time = "2025-11-24T23:25:49.578Z" },
    { url = "https://files.pythonhosted.org/packages/36/01/ffaa189dcb63a2471720615e60185c3f6327716fdc0fc04334436fbb7c65/asyncpg-0.31.0-cp312-cp312-macosx_11_0_arm64.whl", hash = "sha256:0c89ccf741c067614c9b5fc7f1fc6f3b61ab05ae4aaa966e6fd6b93097c7d20d", size = 638504, upload-time = "2025-11-24T23:25:51.501Z" },
    { url = "https://files.pythonhosted.org/packages/9f/62/3f699ba45d8bd24c5d65392190d19656d74ff0185f42e19d0bbd973bb371/asyncpg-0.31.0-cp312-cp312-manylinux_2_28_aarch64.whl", hash = "sha256:12b3b2e39dc5470abd5e98c8d3373e4b1d1234d9fbdedf538798b2c13c64460a", size = 3426241, upload-time = "2025-11-24T23:25:53.278Z" },
    { url = "https://files.pythonhosted.org/packages/8c/d1/a867c2150f9c6e7af6462637f613ba67f78a314b00db220cd26ff559d532/asyncpg-0.31.0-cp312-cp312-manylinux_2_28_x86_64.whl", hash = "sha256:aad7a33913fb8bcb5454313377cc330fbb19a0cd5faa7272407d8a0c4257b671", size = 3520321, upload-time = "2025-11-24T23:25:54.982Z" },
    { url = "https://files.pythonhosted.org/packages/7a/1a/cce4c3f246805ecd285a3591222a2611141f1669d002163abef999b60f98/asyncpg-0.31.0-cp312-cp312-musllinux_1_2_aarch64.whl", hash = "sha256:3df118d94f46d85b2e434fd62c84cb66d5834d5a890725fe625f498e72e4d5ec", size = 3316685, upload-time = "2025-11-24T23:25:57.43Z" },
    { url = "https://files.pythonhosted.org/packages/40/ae/0fc961179e78cc579e138fad6eb580448ecae64908f95b8cb8ee2f241f67/asyncpg-0.31.0-cp312-cp312-musllinux_1_2_x86_64.whl", hash = "sha256:bd5b6efff3c17c3202d4b37189969acf8927438a238c6257f66be3c426beba20", size = 3471858, upload-time = "2025-11-24T23:25:59.636Z" },
    { url = "https://files.pythonhosted.org/packages/52/b2/b20e09670be031afa4cbfabd645caece7f85ec62d69c312239de568e058e/asyncpg-0.31.0-cp312-cp312-win32.whl", hash = "sha256:027eaa61361ec735926566f995d959ade4796f6a49d3bde17e5134b9964f9ba8", size = 527852, upload-time = "2025-11-24T23:26:01.084Z" },
    { url = "https://files.pythonhosted.org/packages/b5/f0/f2ed1de154e15b107dc692262395b3c17fc34eafe2a78fc2115931561730/asyncpg-0.31.0-cp312-cp312-win_amd64.whl", hash = "sha256:72d6bdcbc93d608a1158f17932de2321f68b1a967a13e014998db87a72ed3186", size = 597175, upload-time = "2025-11-24T23:26:02.564Z" },
    { url = "https://files.pythonhosted.org/packages/95/11/97b5c2af72a5d0b9bc3fa30cd4b9ce22284a9a943a150fdc768763caf035/asyncpg-0.31.0-cp313-cp313-macosx_10_13_x86_64.whl", hash = "sha256:c204fab1b91e08b0f47e90a75d1b3c62174dab21f670ad6c5d0f243a228f015b", size = 661111, upload-time = "2025-11-24T23:26:04.467Z" },
    { url = "https://files.pythonhosted.org/packages/1b/71/157d611c791a5e2d0423f09f027bd499935f0906e0c2a416ce712ba51ef3/asyncpg-0.31.0-cp313-cp313-macosx_11_0_arm64.whl", hash = "sha256:54a64f91839ba59008eccf7aad2e93d6e3de688d796f35803235ea1c4898ae1e", size = 636928, upload-time = "2025-11-24T23:26:05.944Z" },
    { url = "https://files.pythonhosted.org/packages/2e/fc/9e3486fb2bbe69d4a867c0b76d68542650a7ff1574ca40e84c3111bb0c6e/asyncpg-0.31.0-cp313-cp313-manylinux2014_aarch64.manylinux_2_17_aarch64.manylinux_2_28_aarch64.whl", hash = "sha256:c0e0822b1038dc7253b337b0f3f676cadc4ac31b126c5d42691c39691962e403", size = 3424067, upload-time = "2025-11-24T23:26:07.957Z" },
    { url = "https://files.pythonhosted.org/packages/12/c6/8c9d076f73f07f995013c791e018a1cd5f31823c2a3187fc8581706aa00f/asyncpg-0.31.0-cp313-cp313-manylinux2014_x86_64.manylinux_2_17_x86_64.manylinux_2_28_x86_64.whl", hash = "sha256:bef056aa502ee34204c161c72ca1f3c274917596877f825968368b2c33f585f4", size = 3518156, upload-time = "2025-11-24T23:26:09.591Z" },
    { url = "https://files.pythonhosted.org/packages/ae/3b/60683a0baf50fbc546499cfb53132cb6835b92b529a05f6a81471ab60d0c/asyncpg-0.31.0-cp313-cp313-musllinux_1_2_aarch64.whl", hash = "sha256:0bfbcc5b7ffcd9b75ab1558f00db2ae07db9c80637ad1b2469c43df79d7a5ae2", size = 3319636, upload-time = "2025-11-24T23:26:11.168Z" },
    { url = "https://files.pythonhosted.org/packages/50/dc/8487df0f69bd398a61e1792b3cba0e47477f214eff085ba0efa7eac9ce87/asyncpg-0.31.0-cp313-cp313-musllinux_1_2_x86_64.whl", hash = "sha256:22bc525ebbdc24d1261ecbf6f504998244d4e3be1721784b5f64664d61fbe602", size = 3472079, upload-time = "2025-11-24T23:26:13.164Z" },
    { url = "https://files.pythonhosted.org/packages/13/a1/c5bbeeb8531c05c89135cb8b28575ac2fac618bcb60119ee9696c3faf71c/asyncpg-0.31.0-cp313-cp313-win32.whl", hash = "sha256:f890de5e1e4f7e14023619399a471ce4b71f5418cd67a51853b9910fdfa73696", size = 527606, upload-time = "2025-11-24T23:26:14.78Z" },
    { url = "https://files.pythonhosted.org/packages/91/66/b25ccb84a246b470eb943b0107c07edcae51804912b824054b3413995a10/asyncpg-0.31.0-cp313-cp313-win_amd64.whl", hash = "sha256:dc5f2fa9916f292e5c5c8b2ac2813763bcd7f58e130055b4ad8a0531314201ab", size = 596569, upload-time = "2025-11-24T23:26:16.189Z" },
    { url = "https://files.pythonhosted.org/packages/3c/36/e9450d62e84a13aea6580c83a47a437f26c7ca6fa0f0fd40b6670793ea30/asyncpg-0.31.0-cp314-cp314-macosx_10_15_x86_64.whl", hash = "sha256:f6b56b91bb0ffc328c4e3ed113136cddd9deefdf5f79ab448598b9772831df44", size = 660867, upload-time = "2025-11-24T23:26:17.631Z" },
    { url = "https://files.pythonhosted.org/packages/82/4b/1d0a2b33b3102d210439338e1beea616a6122267c0df459ff0265cd5807a/asyncpg-0.31.0-cp314-cp314-macosx_11_0_arm64.whl", hash = "sha256:334dec28cf20d7f5bb9e45b39546ddf247f8042a690bff9b9573d00086e69cb5", size = 638349, upload-time = "2025-11-24T23:26:19.689Z" },
    { url = "https://files.pythonhosted.org/packages/41/aa/e7f7ac9a7974f08eff9183e392b2d62516f90412686532d27e196c0f0eeb/asyncpg-0.31.0-cp314-cp314-manylinux2014_aarch64.manylinux_2_17_aarch64.manylinux_2_28_aarch64.whl", hash = "sha256:98cc158c53f46de7bb677fd20c417e264fc02b36d901cc2a43bd6cb0dc6dbfd2", size = 3410428, upload-time = "2025-11-24T23:26:21.275Z" },
    { url = "https://files.pythonhosted.org/packages/6f/de/bf1b60de3dede5c2731e6788617a512bc0ebd9693eac297ee74086f101d7/asyncpg-0.31.0-cp314-cp314-manylinux2014_x86_64.manylinux_2_17_x86_64.manylinux_2_28_x86_64.whl", hash = "sha256:9322b563e2661a52e3cdbc93eed3be7748b289f792e0011cb2720d278b366ce2", size = 3471678, upload-time = "2025-11-24T23:26:23.627Z" },
    { url = "https://files.pythonhosted.org/packages/46/78/fc3ade003e22d8bd53aaf8f75f4be48f0b460fa73738f0391b9c856a9147/asyncpg-0.31.0-cp314-cp314-musllinux_1_2_aarch64.whl", hash = "sha256:19857a358fc811d82227449b7ca40afb46e75b33eb8897240c3839dd8b744218", size = 3313505, upload-time = "2025-11-24T23:26:25.235Z" },
    { url = "https://files.pythonhosted.org/packages/bf/e9/73eb8a6789e927816f4705291be21f2225687bfa97321e40cd23055e903a/asyncpg-0.31.0-cp314-cp314-musllinux_1_2_x86_64.whl", hash = "sha256:ba5f8886e850882ff2c2ace5732300e99193823e8107e2c53ef01c1ebfa1e85d", size = 3434744, upload-time = "2025-11-24T23:26:26.944Z" },
    { url = "https://files.pythonhosted.org/packages/08/4b/f10b880534413c65c5b5862f79b8e81553a8f364e5238832ad4c0af71b7f/asyncpg-0.31.0-cp314-cp314-win32.whl", hash = "sha256:cea3a0b2a14f95834cee29432e4ddc399b95700eb1d51bbc5bfee8f31fa07b2b", size = 532251, upload-time = "2025-11-24T23:26:28.404Z" },
    { url = "https://files.pythonhosted.org/packages/d3/2d/7aa40750b7a19efa5d66e67fc06008ca0f27ba1bd082e457ad82f59aba49/asyncpg-0.31.0-cp314-cp314-win_amd64.whl", hash = "sha256:04d19392716af6b029411a0264d92093b6e5e8285ae97a39957b9a9c14ea72be", size = 604901, upload-time = "2025-11-24T23:26:30.34Z" },
    { url = "https://files.pythonhosted.org/packages/ce/fe/b9dfe349b83b9dee28cc42360d2c86b2cdce4cb551a2c2d27e156bcac84d/asyncpg-0.31.0-cp314-cp314t-macosx_10_15_x86_64.whl", hash = "sha256:bdb957706da132e982cc6856bb2f7b740603472b54c3ebc77fe60ea3e57e1bd2", size = 702280, upload-time = "2025-11-24T23:26:32Z" },
    { url = "https://files.pythonhosted.org/packages/6a/81/e6be6e37e560bd91e6c23ea8a6138a04fd057b08cf63d3c5055c98e81c1d/asyncpg-0.31.0-cp314-cp314t-macosx_11_0_arm64.whl", hash = "sha256:6d11b198111a72f47154fa03b85799f9be63701e068b43f84ac25da0bda9cb31", size = 682931, upload-time = "2025-11-24T23:26:33.572Z" },
    { url = "https://files.pythonhosted.org/packages/a6/45/6009040da85a1648dd5bc75b3b0a062081c483e75a1a29041ae63a0bf0dc/asyncpg-0.31.0-cp314-cp314t-manylinux2014_aarch64.manylinux_2_17_aarch64.manylinux_2_28_aarch64.whl", hash = "sha256:18c83b03bc0d1b23e6230f5bf8d4f217dc9bc08644ce0502a9d91dc9e634a9c7", size = 3581608, upload-time = "2025-11-24T23:26:35.638Z" },
    { url = "https://files.pythonhosted.org/packages/7e/06/2e3d4d7608b0b2b3adbee0d0bd6a2d29ca0fc4d8a78f8277df04e2d1fd7b/asyncpg-0.31.0-cp314-cp314t-manylinux2014_x86_64.manylinux_2_17_x86_64.manylinux_2_28_x86_64.whl", hash = "sha256:e009abc333464ff18b8f6fd146addffd9aaf63e79aa3bb40ab7a4c332d0c5e9e", size = 3498738, upload-time = "2025-11-24T23:26:37.275Z" },
    { url = "https://files.pythonhosted.org/packages/7d/aa/7d75ede780033141c51d83577ea23236ba7d3a23593929b32b49db8ed36e/asyncpg-0.31.0-cp314-cp314t-musllinux_1_2_aarch64.whl", hash = "sha256:3b1fbcb0e396a5ca435a8826a87e5c2c2cc0c8c68eb6fadf82168056b0e53a8c", size = 3401026, upload-time = "2025-11-24T23:26:39.423Z" },
    { url = "https://files.pythonhosted.org/packages/ba/7a/15e37d45e7f7c94facc1e9148c0e455e8f33c08f0b8a0b1deb2c5171771b/asyncpg-0.31.0-cp314-cp314t-musllinux_1_2_x86_64.whl", hash = "sha256:8df714dba348efcc162d2adf02d213e5fab1bd9f557e1305633e851a61814a7a", size = 3429426, upload-time = "2025-11-24T23:26:41.032Z" },
    { url = "https://files.pythonhosted.org/packages/13/d5/71437c5f6ae5f307828710efbe62163974e71237d5d46ebd2869ea052d10/asyncpg-0.31.0-cp314-cp314t-win32.whl", hash = "sha256:1b41f1afb1033f2b44f3234993b15096ddc9cd71b21a42dbd87fc6a57b43d65d", size = 614495, upload-time = "2025-11-24T23:26:42.659Z" },
    { url = "https://files.pythonhosted.org/packages/3c/d7/8fb3044eaef08a310acfe23dae9a8e2e07d305edc29a53497e52bc76eca7/asyncpg-0.31.0-cp314-cp314t-win_amd64.whl", hash = "sha256:bd4107bb7cdd0e9e65fae66a62afd3a249663b844fa34d479f6d5b3bef9c04c3", size = 706062, upload-time = "2025-11-24T23:26:44.086Z" },
]

[[package]]
name = "colorama"
version = "0.4.6"
source = { registry = "https://pypi.org/simple" }
sdist = { url = "https://files.pythonhosted.org/packages/d8/53/6f443c9a4a8358a93a6792e2acffb9d9d5cb0a5cfd8802644b7b1c9a02e4/colorama-0.4.6.tar.gz", hash = "sha256:08695f5cb7ed6e0531a20572697297273c47b8cae5a63ffc6d6ed5c201be6e44", size = 27697, upload-time = "2022-10-25T02:36:22.414Z" }
wheels = [
    { url = "https://files.pythonhosted.org/packages/d1/d6/3965ed04c63042e047cb6a3e6ed1a63a35087b6a609aa3a15ed8ac56c221/colorama-0.4.6-py2.py3-none-any.whl", hash = "sha256:4f1d9991f5acc0ca119f9d443620b77f9d6b33703e51011c16baf57afb285fc6", size = 25335, upload-time = "2022-10-25T02:36:20.889Z" },
]

[[package]]
name = "connectrpc"
version = "0.12.1"
source = { registry = "https://pypi.org/simple" }
dependencies = [
    { name = "protobuf-py" },
    { name = "pyqwest" },
]
sdist = { url = "https://files.pythonhosted.org/packages/b8/43/025430769a6cc82a1e1c76cd9760639f6bf9b05577f90e38a0bb57b41b39/connectrpc-0.12.1.tar.gz", hash = "sha256:da7ca41c6cd8d9ce640ad86ae325a71cd83dfdd1e43748976315cb4b0546fb69", size = 50556, upload-time = "2026-09-04T15:23:31.327Z" }
wheels = [
    { url = "https://files.pythonhosted.org/packages/0e/f8/b244edb73395c5a74bfeab13ace9e6ccda89d31fb5e493ca8a8c96106eae/connectrpc-0.12.1-py3-none-any.whl", hash = "sha256:ba85ff49b5b7e0f1b16d07b35a05e39ce92c1a7116a7ed1a271c76393323cd07", size = 70058, upload-time = "2026-09-04T15:23:28.686Z" },
]

[[package]]
name = "iniconfig"
version = "2.3.0"
source = { registry = "https://pypi.org/simple" }
sdist = { url = "https://files.pythonhosted.org/packages/72/34/14ca021ce8e5dfedc35312d08ba8bf51fdd999c576889fc2c24cb97f4f10/iniconfig-2.3.0.tar.gz", hash = "sha256:c76315c77db068650d49c5b56314774a7804df16fee4402c1f19d6d15d8c4730", size = 20503, upload-time = "2025-10-18T21:55:43.219Z" }
wheels = [
    { url = "https://files.pythonhosted.org/packages/cb/b1/3846dd7f199d53cb17f49cba7e651e9ce294d8497c8c150530ed11865bb8/iniconfig-2.3.0-py3-none-any.whl", hash = "sha256:f631c04d2c48c52b84d0d0549c99ff3859c98df65b3101406327ecc7d53fbf12", size = 7484, upload-time = "2025-10-18T21:55:41.639Z" },
]

[[package]]
name = "ocel"
version = "0.0.1a0"
source = { editable = "ocel" }
dependencies = [
    { name = "connectrpc" },
]

[package.optional-dependencies]
postgres = [
    { name = "asyncpg" },
]

[package.metadata]
requires-dist = [
    { name = "asyncpg", marker = "extra == 'postgres'", specifier = ">=0.30" },
    { name = "connectrpc", specifier = ">=0.12.1" },
]
provides-extras = ["postgres"]

[[package]]
name = "opentelemetry-api"
version = "1.44.0"
source = { registry = "https://pypi.org/simple" }
dependencies = [
    { name = "typing-extensions" },
]
sdist = { url = "https://files.pythonhosted.org/packages/ee/8b/aa9e2d8b8dfa7c946f7dec5d1f8f6ba8eca062f43509a06bdb5ce93d26c0/opentelemetry_api-1.44.0.tar.gz", hash = "sha256:67647e5e9566edcf421166fdf022b3537f818635daa852b289e34604dc6fb33a", size = 72406, upload-time = "2026-07-16T15:25:32.678Z" }
wheels = [
    { url = "https://files.pythonhosted.org/packages/ca/6f/a04e900f465ff3221ccc395522503e2d10e79fa21f2723c8e177aae1e0d1/opentelemetry_api-1.44.0-py3-none-any.whl", hash = "sha256:94b98c893a91b88657eaac1e3ba89618cdb85be6918196705354f34728b2cdef", size = 60018, upload-time = "2026-07-16T15:25:11.657Z" },
]

[[package]]
name = "packaging"
version = "26.3"
source = { registry = "https://pypi.org/simple" }
sdist = { url = "https://files.pythonhosted.org/packages/7d/fa/3944b40b07da9ce895c0e6303a5ab7d53da063554f534556b134a54d6093/packaging-26.3.tar.gz", hash = "sha256:94edc256424af38762eb31306eed28beb9f0efc50a8837492c9d6fd6004aed79", size = 313412, upload-time = "2026-08-04T18:15:28.737Z" }
wheels = [
    { url = "https://files.pythonhosted.org/packages/63/34/ba1c580383c9eada3711951fef0795c80b829a078d72188184bcab9dd527/packaging-26.3-py3-none-any.whl", hash = "sha256:d7193f7c8e4e93f444fde0262bf90af30e16fa0ad0ad44cb553c87339b23cd1c", size = 129956, upload-time = "2026-08-04T18:15:27.159Z" },
]

[[package]]
name = "pluggy"
version = "1.6.0"
source = { registry = "https://pypi.org/simple" }
sdist = { url = "https://files.pythonhosted.org/packages/f9/e2/3e91f31a7d2b083fe6ef3fa267035b518369d9511ffab804f839851d2779/pluggy-1.6.0.tar.gz", hash = "sha256:7dcc130b76258d33b90f61b658791dede3486c3e6bfb003ee5c9bfb396dd22f3", size = 69412, upload-time = "2025-05-15T12:30:07.975Z" }
wheels = [
    { url = "https://files.pythonhosted.org/packages/54/20/4d324d65cc6d9205fabedc306948156824eb9f0ee1633355a8f7ec5c66bf/pluggy-1.6.0-py3-none-any.whl", hash = "sha256:e920276dd6813095e9377c0bc5566d94c932c33b27a3e3945d8389c374dd4746", size = 20538, upload-time = "2025-05-15T12:30:06.134Z" },
]

[[package]]
name = "protobuf-py"
version = "0.4.0"
source = { registry = "https://pypi.org/simple" }
dependencies = [
    { name = "protobuf-py-ext", marker = "(platform_machine == 'arm64' and platform_python_implementation == 'CPython' and sys_platform == 'darwin') or (platform_machine == 'aarch64' and platform_python_implementation == 'CPython' and sys_platform == 'linux') or (platform_machine == 'x86_64' and platform_python_implementation == 'CPython' and sys_platform == 'linux') or (platform_machine == 'AMD64' and platform_python_implementation == 'CPython' and sys_platform == 'win32') or (platform_machine == 'ARM64' and platform_python_implementation == 'CPython' and sys_platform == 'win32')" },
    { name = "typing-extensions" },
]
sdist = { url = "https://files.pythonhosted.org/packages/af/7d/1f26b99a7e1854986664715b540387b9d77eb94fcd15ca1df904b794e39e/protobuf_py-0.4.0.tar.gz", hash = "sha256:9a3e424e89c75121c8c66e37349dd568893c26b4917e53ca558c68c2ee641474", size = 160766, upload-time = "2026-09-02T04:47:35.946Z" }
wheels = [
    { url = "https://files.pythonhosted.org/packages/4e/f5/37bfd2be0ea3e09b3b187f626dde69307d7884a5db739b64877c6c8a0d3f/protobuf_py-0.4.0-py3-none-any.whl", hash = "sha256:ee29a7cdf0b821c53e536dbf4526d473a11cc0eacc4391cfe188a84b0266d517", size = 213808, upload-time = "2026-09-02T04:46:47.316Z" },
]

[[package]]
name = "protobuf-py-ext"
version = "0.4.0"
source = { registry = "https://pypi.org/simple" }
sdist = { url = "https://files.pythonhosted.org/packages/1d/a6/985e38ad6fc276db9e8f248a7097486d675a1253a8874ee6b1877612aedf/protobuf_py_ext-0.4.0.tar.gz", hash = "sha256:a0d48a68c992bacb7b20bffba8300c66608db55d1146cd5df4841d7ff7b8448d", size = 57623, upload-time = "2026-09-02T04:47:37.044Z" }
wheels = [
    { url = "https://files.pythonhosted.org/packages/13/56/f12541528bbe51c042613decd0480f56d1a309db10aed4125904f0850142/protobuf_py_ext-0.4.0-cp311-abi3-macosx_11_0_arm64.whl", hash = "sha256:5a4f895b5bd5bfb14b824de53a93915ac9590a4e5d800677c5d04070b62eaedb", size = 467217, upload-time = "2026-09-02T04:46:56.181Z" },
    { url = "https://files.pythonhosted.org/packages/a6/d0/8ed5553d32591b7aee8fef528e3c4930582fc86928d65f751043f91e8fd3/protobuf_py_ext-0.4.0-cp311-abi3-manylinux_2_17_aarch64.manylinux2014_aarch64.whl", hash = "sha256:48602ecd589676bab9cacf955a56d151e738433dd76076930738321697379a05", size = 473938, upload-time = "2026-09-02T04:46:57.658Z" },
    { url = "https://files.pythonhosted.org/packages/8c/ad/b7af347ba5354febeb6fcd855efee10bc75dfea0e98aa4e7d23e2a7f3d77/protobuf_py_ext-0.4.0-cp311-abi3-manylinux_2_17_x86_64.manylinux2014_x86_64.whl", hash = "sha256:2a218f61033c845f09330d15eb0b7fee15f377cfefa36498b4b492323ce23100", size = 497755, upload-time = "2026-09-02T04:46:58.898Z" },
    { url = "https://files.pythonhosted.org/packages/2f/76/718dc054e375631afdd94479b0d62590972bb882539db9610d3934ce40e1/protobuf_py_ext-0.4.0-cp311-abi3-musllinux_1_2_aarch64.whl", hash = "sha256:bf79dafcc54150be3fd5c51173c8987b8f40a605c6423b08c2a39856f5d0260b", size = 652593, upload-time = "2026-09-02T04:47:00.253Z" },
    { url = "https://files.pythonhosted.org/packages/89/a0/37f876fbe6b3cbeb3017eb1b294306344f9836154d2bbc7a98f41cb49d82/protobuf_py_ext-0.4.0-cp311-abi3-musllinux_1_2_x86_64.whl", hash = "sha256:0a98fd3439d4f0e02996f97062ebec1ba83ae91ddc8fa2ec59a2534d7f83bbd2", size = 710836, upload-time = "2026-09-02T04:47:01.579Z" },
    { url = "https://files.pythonhosted.org/packages/c0/e8/a6507fe92c318a5e9e9f3448a380f0f3994a20cd04f87441350dc12cb510/protobuf_py_ext-0.4.0-cp311-abi3-win_amd64.whl", hash = "sha256:eac0bc24ed9bddba96f3b85bb9bb76153087310e9a9a6d0d3a93cb98f2f2d859", size = 435204, upload-time = "2026-09-02T04:47:03.193Z" },
    { url = "https://files.pythonhosted.org/packages/6a/c6/038b2eac0109cdc5a192d58da1d1c490183c8d0999fa27d8d16b2615fa20/protobuf_py_ext-0.4.0-cp311-abi3-win_arm64.whl", hash = "sha256:d3bb9995c162f567af8737d5ea3912e8ea3dae3574c0a3beeace887bbb48d6ad", size = 416299, upload-time = "2026-09-02T04:47:04.504Z" },
    { url = "https://files.pythonhosted.org/packages/25/31/36995b4ccc8b0ed9811011f5f0ffdf31b0020b541a2fc09f595b53a7f141/protobuf_py_ext-0.4.0-cp312-cp312-macosx_11_0_arm64.whl", hash = "sha256:c824324286af4fe9d2d1f95177455c62114370d6940e39c04d7b0d62d3bd2196", size = 467473, upload-time = "2026-09-02T04:47:05.81Z" },
    { url = "https://files.pythonhosted.org/packages/b3/d2/7f7a1e9c5e167f542d84332f8e4ce92f965bedfdbf2e76d16dc32732d32a/protobuf_py_ext-0.4.0-cp312-cp312-manylinux_2_17_aarch64.manylinux2014_aarch64.whl", hash = "sha256:ab8f442d25ca3ec06e32a2ad652132bdcee254286171837c81a1058a33ab9d2d", size = 473757, upload-time = "2026-09-02T04:47:07.258Z" },
    { url = "https://files.pythonhosted.org/packages/f5/c9/4a9a08b9da0049a0a7e8465c9289c3b209faf0ab8c72212b79204963d866/protobuf_py_ext-0.4.0-cp312-cp312-manylinux_2_17_x86_64.manylinux2014_x86_64.whl", hash = "sha256:87f8b05c9d8dfe55ce823dce5264a5a67967adcda0ed9ab924ec9afde855c676", size = 494009, upload-time = "2026-09-02T04:47:08.562Z" },
    { url = "https://files.pythonhosted.org/packages/b8/ed/da03094575f3be017fcaaa7ced7b844a3054781e1c36f84529f95a6ea48a/protobuf_py_ext-0.4.0-cp312-cp312-musllinux_1_2_aarch64.whl", hash = "sha256:46de28bd4e0f359f7359da03ebbb591ac128149e7f5691e18e1c681e88893ae9", size = 652901, upload-time = "2026-09-02T04:47:10.148Z" },
    { url = "https://files.pythonhosted.org/packages/4f/6e/385a8f2e64b0cbf9110390e0817760d42f7ed439af825a106fc4860a6331/protobuf_py_ext-0.4.0-cp312-cp312-musllinux_1_2_x86_64.whl", hash = "sha256:34c3a318895c8420460c28069f0825daf43d6383a221f90cdbf941839121918f", size = 707344, upload-time = "2026-09-02T04:47:11.519Z" },
    { url = "https://files.pythonhosted.org/packages/64/b4/95edd98f53dc46e873aa7f33bc0062c22e30e6f8d7832f4588584c28bb28/protobuf_py_ext-0.4.0-cp313-cp313-macosx_11_0_arm64.whl", hash = "sha256:3adb0f5858b75f17dd3ab73b35bf27e31807075365135c5937160cc7655ea548", size = 467802, upload-time = "2026-09-02T04:47:12.887Z" },
    { url = "https://files.pythonhosted.org/packages/8d/d0/6eac391eea2f011c699ad5e1af9e39c4cec3b1011d92225e5aaa96f55853/protobuf_py_ext-0.4.0-cp313-cp313-manylinux_2_17_aarch64.manylinux2014_aarch64.whl", hash = "sha256:95292102616cbb2b25ff88e31c2b65a78c5dc65885d0593bd38edfb64ce67576", size = 473940, upload-time = "2026-09-02T04:47:14.425Z" },
    { url = "https://files.pythonhosted.org/packages/29/bc/1ef4bf41ea8a533a63a583f8045dab3001fb705a7820920430df58d4c723/protobuf_py_ext-0.4.0-cp313-cp313-manylinux_2_17_x86_64.manylinux2014_x86_64.whl", hash = "sha256:8c38b1b0a45d6380f63bbd69c396a66db41a21badb689d7fadb5a01c71c62c3e", size = 494785, upload-time = "2026-09-02T04:47:15.944Z" },
    { url = "https://files.pythonhosted.org/packages/11/7e/78d4524e1238407651572be09046c871fae2ed793fa8e8eeb877e6b69449/protobuf_py_ext-0.4.0-cp313-cp313-musllinux_1_2_aarch64.whl", hash = "sha256:e6085a3686b83f0866430528d0a592794b91a36cc732dfd3579dcbf2810e034c", size = 653258, upload-time = "2026-09-02T04:47:17.354Z" },
    { url = "https://files.pythonhosted.org/packages/41/01/dec9f956efa60262df30dbf46cf4b52cd96d6eff7e68254311675db1bc25/protobuf_py_ext-0.4.0-cp313-cp313-musllinux_1_2_x86_64.whl", hash = "sha256:db19ebf918d6fd9df30724afda5d8f2a0a9d2967ba22d0cf2779a9cd33cebcd7", size = 707951, upload-time = "2026-09-02T04:47:18.931Z" },
    { url = "https://files.pythonhosted.org/packages/40/3e/8aafe5b5f3ad717b6750d486dfc1672dd88a869a90697781b641acfdb0f0/protobuf_py_ext-0.4.0-cp314-cp314-macosx_11_0_arm64.whl", hash = "sha256:bb331f9e3e596eac0b2acf81d8fb686135f82061ef0b4b094ef0e6c31b853cfe", size = 466202, upload-time = "2026-09-02T04:47:20.378Z" },
    { url = "https://files.pythonhosted.org/packages/44/df/f025478f7d3eb63ea17e8c19e507373cebb7fac16b088373cee6cb531ce3/protobuf_py_ext-0.4.0-cp314-cp314-manylinux_2_17_aarch64.manylinux2014_aarch64.whl", hash = "sha256:2045ba1ca3fbef83054c1c1a1670ecc0b1406b7d9797a403d4e3255ca779eafd", size = 472806, upload-time = "2026-09-02T04:47:21.662Z" },
    { url = "https://files.pythonhosted.org/packages/bf/58/68d16bd5ffd6a2fd6d951baf5a1944fe8d5f35e7df69cdb8264c77ebd69c/protobuf_py_ext-0.4.0-cp314-cp314-manylinux_2_17_x86_64.manylinux2014_x86_64.whl", hash = "sha256:8b2541b3baf9cc03a50a8a3ecf57263dd7b4174eacf77e680680f7b2948e95d2", size = 493245, upload-time = "2026-09-02T04:47:23.042Z" },
    { url = "https://files.pythonhosted.org/packages/b5/f4/fea80c65b5bc4779383bea5fc3de147af36246b398e1bcb680fed36584a4/protobuf_py_ext-0.4.0-cp314-cp314-musllinux_1_2_aarch64.whl", hash = "sha256:b0a97fff9f85db236d9f6fb2e24216ccebbf38cad8e048063109ccf5bcf8622f", size = 651735, upload-time = "2026-09-02T04:47:24.665Z" },
    { url = "https://files.pythonhosted.org/packages/8e/15/40ca2e38f78be869301142373f3d5a3cff6756f78bfc8ab4095246f6bdc7/protobuf_py_ext-0.4.0-cp314-cp314-musllinux_1_2_x86_64.whl", hash = "sha256:34f9450a71f6093f1b781212db3b580dd4b594459ab00212144b03fdc36c5c06", size = 706910, upload-time = "2026-09-02T04:47:26.262Z" },
    { url = "https://files.pythonhosted.org/packages/04/ed/bca385d73a8eae6802026f4f587b4b6e94378774c7ded6de552afb5293e8/protobuf_py_ext-0.4.0-cp314-cp314t-macosx_11_0_arm64.whl", hash = "sha256:4d4a2253f7c1052eb19cb0b9a55633925ba191570b1a9de0f0b151540c99b1a5", size = 454194, upload-time = "2026-09-02T04:47:27.643Z" },
    { url = "https://files.pythonhosted.org/packages/db/88/f2fc3f6084382ab187420f9051913d0848896fd0bf39de7245415de5bdff/protobuf_py_ext-0.4.0-cp314-cp314t-manylinux_2_17_aarch64.manylinux2014_aarch64.whl", hash = "sha256:59ec454d17e1f89d0a9d10af023ece073b7731687ba7bfebb338f1c4730edbb9", size = 463604, upload-time = "2026-09-02T04:47:28.924Z" },
    { url = "https://files.pythonhosted.org/packages/f6/21/5063d75b91d44f2454cba74470a69d85e990a85fe2cd71f415126519bcb5/protobuf_py_ext-0.4.0-cp314-cp314t-manylinux_2_17_x86_64.manylinux2014_x86_64.whl", hash = "sha256:f9ff4ac903cbd8aba13c86a6576c3aed2b3aa7a45d57f53f6c5fbde642e193d6", size = 484374, upload-time = "2026-09-02T04:47:30.349Z" },
    { url = "https://files.pythonhosted.org/packages/aa/7b/5562d51cd504a18c09d07e19f2e06ad0ba50f97be1cd9cd92f804131648e/protobuf_py_ext-0.4.0-cp314-cp314t-musllinux_1_2_aarch64.whl", hash = "sha256:b2f7e69b5c67df1d1b9ab3fa8fd67622b87de337ed4aeb180f39e30ac611e0e5", size = 642973, upload-time = "2026-09-02T04:47:31.893Z" },
    { url = "https://files.pythonhosted.org/packages/c8/02/37ec65335ce5600b2bc3e36d3be38b85556cc6a50cfdcbdd94c4d84ac17c/protobuf_py_ext-0.4.0-cp314-cp314t-musllinux_1_2_x86_64.whl", hash = "sha256:62b5bf33a5b1aca6f3137f268c2f4e068e6cd96bbabd3e66cee74f9a54488602", size = 698130, upload-time = "2026-09-02T04:47:33.38Z" },
]

[[package]]
name = "pygments"
version = "2.21.0"
source = { registry = "https://pypi.org/simple" }
sdist = { url = "https://files.pythonhosted.org/packages/49/2e/ced460408999b33da6b31b0021b0f37d329e202d4169aeb164493778f25b/pygments-2.21.0.tar.gz", hash = "sha256:610ca751c9bc2492b38eb9a38a7fbc93edbbb2d7182edaf34e66ae493dee5c8c", size = 5005329, upload-time = "2026-08-17T08:02:48.824Z" }
wheels = [
    { url = "https://files.pythonhosted.org/packages/71/46/17f022dd3e953bf20a04a028a21ec746d942f8d2af30fa0f124fa0e6a684/pygments-2.21.0-py3-none-any.whl", hash = "sha256:2363c69b61c4a97c838da3b130dcd6468f4848992b21a82f2a63ec34377137d9", size = 1250147, upload-time = "2026-08-17T08:02:44.912Z" },
]

[[package]]
name = "pyqwest"
version = "0.10.0"
source = { registry = "https://pypi.org/simple" }
dependencies = [
    { name = "opentelemetry-api" },
]
sdist = { url = "https://files.pythonhosted.org/packages/07/ee/0ff9facfa9e7a4f6df2a770d4eaf1ad0f74165da7e8c28e888461f07604c/pyqwest-0.10.0.tar.gz", hash = "sha256:6c1a693be17d57d2c2eca4085e32c2809c53090c16719a907c90ebcf1f40dc01", size = 482248, upload-time = "2026-08-21T06:09:20.656Z" }
wheels = [
    { url = "https://files.pythonhosted.org/packages/43/ee/b1a28f57c689606cfd065d8a553841150f7daaa91d20e58dcc2c5ea191f8/pyqwest-0.10.0-cp310-abi3-macosx_10_12_x86_64.whl", hash = "sha256:aa492d5777dd145a60795ed95d9d4707a3cd1091fdcdfc93a82ac7fdc43ebacd", size = 5261059, upload-time = "2026-08-21T06:08:04.999Z" },
    { url = "https://files.pythonhosted.org/packages/dc/13/9c5046cfd6ef705bde0b620ba8a794335bcabc0839342a2a647f2427b27e/pyqwest-0.10.0-cp310-abi3-macosx_11_0_arm64.whl", hash = "sha256:59f3f16628e518c674102e7b5fcff2101bba6abb4f6737ec5fade9b9278e6a53", size = 5134207, upload-time = "2026-08-21T06:08:06.955Z" },
    { url = "https://files.pythonhosted.org/packages/93/7d/50021dd88d82d6966ab1c27593ceaee9d1ed62fbe597c40e8dc187cfa5fd/pyqwest-0.10.0-cp310-abi3-manylinux_2_17_aarch64.manylinux2014_aarch64.whl", hash = "sha256:d6e7db305a8318b1f3218053e87501f8f245ca8bd63e948e0282d04bf0883470", size = 5640730, upload-time = "2026-08-21T06:08:09.135Z" },
    { url = "https://files.pythonhosted.org/packages/ff/3f/5bf6c32e9e701837a8c47ce6e3ad38978cfec8eb7bc6596181e5f9e1eaeb/pyqwest-0.10.0-cp310-abi3-manylinux_2_17_x86_64.manylinux2014_x86_64.whl", hash = "sha256:a5c757cfac5f53c8671dcb4850d5fc4c4339ea3e90636331c9318f8e3ddabc06", size = 5561462, upload-time = "2026-08-21T06:08:10.836Z" },
    { url = "https://files.pythonhosted.org/packages/5f/61/ca9ba5721461b7ce5cfaac373ab3a1723ddcc434af7430f8bd628da6e623/pyqwest-0.10.0-cp310-abi3-musllinux_1_2_aarch64.whl", hash = "sha256:234b3f71e3f314d997c203d8cf829b7117edd041153f9c277d0060ab90134148", size = 5801847, upload-time = "2026-08-21T06:08:12.502Z" },
    { url = "https://files.pythonhosted.org/packages/d2/44/95593919b996a417093f598d887822b9b899e8d025588c9bfaf8c60dd812/pyqwest-0.10.0-cp310-abi3-musllinux_1_2_x86_64.whl", hash = "sha256:5637256a0dac0ef57e0eaa02b032014965e4a4c995e1deca1b1b97e6d1765f78", size = 5978692, upload-time = "2026-08-21T06:08:14.383Z" },
    { url = "https://files.pythonhosted.org/packages/a5/b9/b2821ce5188457168ebb25d5ff65b1ca1bf27bc6b4a33df4bcc2357e625c/pyqwest-0.10.0-cp310-abi3-win_amd64.whl", hash = "sha256:7ea761937acf3a00d1a7e70e982949d18946e5471d1419266ab3a78bbfa19759", size = 4876627, upload-time = "2026-08-21T06:08:16.084Z" },
    { url = "https://files.pythonhosted.org/packages/86/b4/16ccef1c203fa258ce46a86aefc1a79c13b5f0b8d49627347d90eef25efd/pyqwest-0.10.0-cp312-cp312-macosx_10_12_x86_64.whl", hash = "sha256:a21f1f15252a8303623b4f17b9c6de595ace11b3ade07f2adb6d07121e8191aa", size = 5274815, upload-time = "2026-08-21T06:08:17.777Z" },
    { url = "https://files.pythonhosted.org/packages/5f/61/6a87f84f571441ea43279587d4bfcad4543505918ae2b83a1ebdcfa98be5/pyqwest-0.10.0-cp312-cp312-macosx_11_0_arm64.whl", hash = "sha256:eb472c6e5d6833ebfec79db310e426eb17b01ac64c0e2c251bd9192c0d2ee0c5", size = 5123656, upload-time = "2026-08-21T06:08:19.501Z" },
    { url = "https://files.pythonhosted.org/packages/8b/f2/ab69e581cf9b798b0e169f7b27fd3f8b6f9f1631bd4d3b6e22e5abaf8d8b/pyqwest-0.10.0-cp312-cp312-manylinux_2_17_aarch64.manylinux2014_aarch64.whl", hash = "sha256:83578e24cccd5e0dc04d60a0af7bfb43325b5f22d03ff74ff79ed0ecf553b50d", size = 5641253, upload-time = "2026-08-21T06:08:21.627Z" },
    { url = "https://files.pythonhosted.org/packages/9f/dd/f1a62eebf8321ace506bd94551a01431f6a45b882225455eae3ea6e8c6d1/pyqwest-0.10.0-cp312-cp312-manylinux_2_17_x86_64.manylinux2014_x86_64.whl", hash = "sha256:6bb511c434f79c641efb5573e5795e56dc972252f4b96e52a9636d4ece5231a4", size = 5567341, upload-time = "2026-08-21T06:08:23.346Z" },
    { url = "https://files.pythonhosted.org/packages/4c/48/51d767691973e046887f5e6d96e32142fe296823b163ccba732233a6ef72/pyqwest-0.10.0-cp312-cp312-musllinux_1_2_aarch64.whl", hash = "sha256:1aaccd8a9db9430b2aedb5bad8ead80742cbc056b85c229516c70dc80539f906", size = 5803874, upload-time = "2026-08-21T06:08:25.096Z" },
    { url = "https://files.pythonhosted.org/packages/58/0a/d2834ccc6e59ad110718895cc65ff2a68aa6e010f0ba8fbe42a57ea33c21/pyqwest-0.10.0-cp312-cp312-musllinux_1_2_x86_64.whl", hash = "sha256:73d9eb438ab4a957a1ce0619d3af8c1c1126bfb9181033b123d792fcf4224531", size = 5981518, upload-time = "2026-08-21T06:08:27.594Z" },
    { url = "https://files.pythonhosted.org/packages/75/f3/274b4c268e9a55fbdb1b3637ac50b5bf42cd3a85d1cfbdc15c602a7b0d9c/pyqwest-0.10.0-cp312-cp312-win_amd64.whl", hash = "sha256:317a74d633abe3bc5bccabf479e069c515dab9e6a755274b0ccb1d8a5bbfede3", size = 4870638, upload-time = "2026-08-21T06:08:29.421Z" },
    { url = "https://files.pythonhosted.org/packages/8d/3d/8b1092f25159bf61a9470ebd35438c669b91ef553a7ee205bdec8006107b/pyqwest-0.10.0-cp313-cp313-macosx_10_12_x86_64.whl", hash = "sha256:3978e794b9cfd8eaa500fb5d7aee63bc6172c605efa0abc1f62d85485bc049e1", size = 5273599, upload-time = "2026-08-21T06:08:31.107Z" },
    { url = "https://files.pythonhosted.org/packages/75/10/54a9786123942b124c2afb9562b74e158afec7be40ef0caa0d37f615d379/pyqwest-0.10.0-cp313-cp313-macosx_11_0_arm64.whl", hash = "sha256:715991fd4f04862cd7a9d7452daabcdbd74dff4dff55eb20c22d60382dc2a4ed", size = 5122920, upload-time = "2026-08-21T06:08:33.025Z" },
    { url = "https://files.pythonhosted.org/packages/a2/5b/6a6bd76f91e068b9a619f62aef9fe5ef201f859ddbb6b0a11ad3875ecdda/pyqwest-0.10.0-cp313-cp313-manylinux_2_17_aarch64.manylinux2014_aarch64.whl", hash = "sha256:c04798bed79c1dfa0e5b0e30fb137124311083490d44d6dfbe068d3dd254349e", size = 5639577, upload-time = "2026-08-21T06:08:34.896Z" },
    { url = "https://files.pythonhosted.org/packages/68/28/12277a24a8dd74b0a7f124c624d9ed58eccb41e2087ff1087a14d348c778/pyqwest-0.10.0-cp313-cp313-manylinux_2_17_x86_64.manylinux2014_x86_64.whl", hash = "sha256:35b472877e73dd63fed089c2bc8fa198407f005c8c19e0a93f025ebefde01a81", size = 5565835, upload-time = "2026-08-21T06:08:36.567Z" },
    { url = "https://files.pythonhosted.org/packages/9e/b6/b7da4a3f1fe43600154ae75e91ba7969024d886d60077dd3a1ba8e66d170/pyqwest-0.10.0-cp313-cp313-musllinux_1_2_aarch64.whl", hash = "sha256:564ec360b7848b35e009038ffbca00466305a9708ab21829477f64aa8cad4c64", size = 5803078, upload-time = "2026-08-21T06:08:38.362Z" },
    { url = "https://files.pythonhosted.org/packages/0c/6f/0c9ba210f49f232289afaa8f06369c5f135ac786e1ca0cb22243b7f1fe2c/pyqwest-0.10.0-cp313-cp313-musllinux_1_2_x86_64.whl", hash = "sha256:b5c80e88a5967c1cadb3237c450f91a84a3683f8838c8dca96f09fee3612e762", size = 5980431, upload-time = "2026-08-21T06:08:39.967Z" },
    { url = "https://files.pythonhosted.org/packages/9b/f5/306eeed41a3cd3100247e6e442f4345277b70f1d24efe1641181b14839cd/pyqwest-0.10.0-cp313-cp313-win_amd64.whl", hash = "sha256:dc3d80b402fb59dbe015e25993ac8147456fb231a4c949f92a89f31315ad50f9", size = 4870198, upload-time = "2026-08-21T06:08:41.687Z" },
    { url = "https://files.pythonhosted.org/packages/64/18/0086a408e7cbf39dab18fa5b7e42c969a98382da5a4e6debe40f05acc6a1/pyqwest-0.10.0-cp314-cp314-macosx_10_12_x86_64.whl", hash = "sha256:23a28beb55fa6d975949bffae4adfb69378f3229bb5cbd71231e95bf66f5b26c", size = 5274542, upload-time = "2026-08-21T06:08:43.323Z" },
    { url = "https://files.pythonhosted.org/packages/0c/7b/e1b9aaaf7596e4faaa53cefc2efaca4e3cde721e308e6385e366361cfdcc/pyqwest-0.10.0-cp314-cp314-macosx_11_0_arm64.whl", hash = "sha256:e4415ae40b8eedb1713dab14d7f9fecc3f79d26f3206c561087b88b99d5ce24b", size = 5127922, upload-time = "2026-08-21T06:08:45.116Z" },
    { url = "https://files.pythonhosted.org/packages/75/cd/e6d68bb1de5dd26100fcfc878cbd67c402a928774edf1e8ae304c5a84f5b/pyqwest-0.10.0-cp314-cp314-manylinux_2_17_aarch64.manylinux2014_aarch64.whl", hash = "sha256:14b875d2273212d7fa8e4b755d8d736ffd226b1c707a9c0017dfdc8393a96eca", size = 5645856, upload-time = "2026-08-21T06:08:47.055Z" },
    { url = "https://files.pythonhosted.org/packages/f7/48/8c9f9f0467c41f6a563146d57a52f8f6d60c0cb09d0fd3ef88ad5a1c442f/pyqwest-0.10.0-cp314-cp314-manylinux_2_17_x86_64.manylinux2014_x86_64.whl", hash = "sha256:b5071491e416ea54e3b95bf9ffbed0bd065b093cb96e10a75c3d8f2cbe3c9823", size = 5569831, upload-time = "2026-08-21T06:08:48.78Z" },
    { url = "https://files.pythonhosted.org/packages/16/ac/c85ab70c6c72078d49a82da76b820e46aaf95a3f6fe271dac955ac195d21/pyqwest-0.10.0-cp314-cp314-musllinux_1_2_aarch64.whl", hash = "sha256:b68b5e68d513a4c63a072f8f40e38015160cf90bfbf7e8ef7c3935ca87e9e022", size = 5806735, upload-time = "2026-08-21T06:08:50.652Z" },
    { url = "https://files.pythonhosted.org/packages/66/db/ad7375b22fb2d0807431dcc9bc2aaf840e374c298cd15071024d5f6dd6d1/pyqwest-0.10.0-cp314-cp314-musllinux_1_2_x86_64.whl", hash = "sha256:c48910d27820b9c46fcd001b0fe514a3cf47d4784f59512dcdb8c91c395f82e4", size = 5984786, upload-time = "2026-08-21T06:08:52.377Z" },
    { url = "https://files.pythonhosted.org/packages/17/88/c449a772afe129683fd7acc657cbc7c69bec085dc75b6e8710a50fbb44e7/pyqwest-0.10.0-cp314-cp314-win_amd64.whl", hash = "sha256:d03ba2cd17948b623a6210981d342eb122546d8a8e910ec77511aff4b1acdd00", size = 4872288, upload-time = "2026-08-21T06:08:54.101Z" },
    { url = "https://files.pythonhosted.org/packages/3d/f8/439ffc0ee12cd7d9b57ac07ccea78ad3ba66b0d6817d429dd661d73308c4/pyqwest-0.10.0-cp314-cp314t-macosx_10_12_x86_64.whl", hash = "sha256:07a0eb595f4096232c2d22549b6e4612c1ecada7934e46462c2c37ce14a89cfb", size = 5256823, upload-time = "2026-08-21T06:08:55.681Z" },
    { url = "https://files.pythonhosted.org/packages/df/2b/72ecd27d104d2b4284710194cce796d607674966c3ea66436768e812a66a/pyqwest-0.10.0-cp314-cp314t-macosx_11_0_arm64.whl", hash = "sha256:26401baf7dafc71c8d12d2e8389519d141e6f7c14094d0dd4cf9ec1d3b5555bd", size = 5112624, upload-time = "2026-08-21T06:08:57.366Z" },
    { url = "https://files.pythonhosted.org/packages/a4/24/0fb89c3f7d5a0410fcb7560588b4c741ef24b19195c307d4263f04e75c2b/pyqwest-0.10.0-cp314-cp314t-manylinux_2_17_aarch64.manylinux2014_aarch64.whl", hash = "sha256:e5e3c436e041d8873ce5bb0fdcf9f9e86f5604e8f0ef9e03149efebd8cb474f6", size = 5631844, upload-time = "2026-08-21T06:08:59.165Z" },
    { url = "https://files.pythonhosted.org/packages/4c/4f/921d14754a186f0143ad62b50108dd808328e347e98e9dafab3897eeb405/pyqwest-0.10.0-cp314-cp314t-manylinux_2_17_x86_64.manylinux2014_x86_64.whl", hash = "sha256:09364115761579eabfc79d1e954cdb3ded508dac1903fac7285d4c6f058c683f", size = 5555869, upload-time = "2026-08-21T06:09:00.783Z" },
    { url = "https://files.pythonhosted.org/packages/b8/70/504780417319a626fe9549a7e6f9020a3d448eddf8a09617238a3426e90c/pyqwest-0.10.0-cp314-cp314t-musllinux_1_2_aarch64.whl", hash = "sha256:559674a98a8b1217e1830ecd41c9905bf2b60983c6b8017063dfac199f00727c", size = 5793738, upload-time = "2026-08-21T06:09:03.324Z" },
    { url = "https://files.pythonhosted.org/packages/45/f7/8d0a5b8a3289f4300dc9005ebde75d316f2371a2671617f942036337731a/pyqwest-0.10.0-cp314-cp314t-musllinux_1_2_x86_64.whl", hash = "sha256:f399a696392fff3db3eef0a18ef65b8a3b8396d129193487d966b8eb11006376", size = 5972889, upload-time = "2026-08-21T06:09:05.2Z" },
    { url = "https://files.pythonhosted.org/packages/89/c4/f4c781e475c451cb5f4762a2f814a1750ef375b8db4db09bb2dcea03c4e5/pyqwest-0.10.0-cp314-cp314t-win_amd64.whl", hash = "sha256:0f9163d6dd991bf1bf27308ba38ba021af660b15fffa47ebca98e41cf6f00309", size = 4858036, upload-time = "2026-08-21T06:09:06.926Z" },
]

[[package]]
name = "pytest"
version = "9.1.1"
source = { registry = "https://pypi.org/simple" }
dependencies = [
    { name = "colorama", marker = "sys_platform == 'win32'" },
    { name = "iniconfig" },
    { name = "packaging" },
    { name = "pluggy" },
    { name = "pygments" },
]
sdist = { url = "https://files.pythonhosted.org/packages/e4/47/b9efed96c114afcfa3c9d3fe98a76a1d14c74a9e266d397cf6eb64be5e01/pytest-9.1.1.tar.gz", hash = "sha256:1088fbde8f2b49d95a549a195707afa7a76a3ce9bcadc26b6d71f0ffda5fe313", size = 1636369, upload-time = "2026-06-19T10:58:32.857Z" }
wheels = [
    { url = "https://files.pythonhosted.org/packages/24/25/1de2678b631f5a49215c6c96fff41ba892b0a34df68d6d80292b1b48aa7f/pytest-9.1.1-py3-none-any.whl", hash = "sha256:37a86b45efb9a47a61a36449063e8e18d0cab3161329fc099eb21783169c4f0c", size = 386536, upload-time = "2026-06-19T10:58:31.347Z" },
]

[[package]]
name = "pytest-asyncio"
version = "1.4.0"
source = { registry = "https://pypi.org/simple" }
dependencies = [
    { name = "pytest" },
    { name = "typing-extensions", marker = "python_full_version < '3.13'" },
]
sdist = { url = "https://files.pythonhosted.org/packages/43/7c/d36d04db312ecf4298932ef77e6e4a9e8ad017906e24e34f0b0c361a2473/pytest_asyncio-1.4.0.tar.gz", hash = "sha256:c6c0d2259945122819f171a32ecea2c349ead889ee28176caaf492143424be42", size = 58514, upload-time = "2026-05-26T09:56:04.083Z" }
wheels = [
    { url = "https://files.pythonhosted.org/packages/03/e2/08a497ef684b88559c9cc5f4ad53a37e7b99e727094a86d6ea32536d5d3c/pytest_asyncio-1.4.0-py3-none-any.whl", hash = "sha256:933ca923a23075a87fb7070c0ec272a6848489824d887c85c812670932835aa1", size = 16930, upload-time = "2026-05-26T09:56:02.576Z" },
]

[[package]]
name = "ruff"
version = "0.16.6"
source = { registry = "https://pypi.org/simple" }
sdist = { url = "https://files.pythonhosted.org/packages/a4/7c/6adb35d70e7c027e308274557901c7e00fb3407750faf3620c184ae058cb/ruff-0.16.6.tar.gz", hash = "sha256:dcf8a73d2ff77e99dde91244b4da16feba7f14e6beeb4015dee7c5a909e99050", size = 4921251, upload-time = "2026-09-03T16:57:29.037Z" }
wheels = [
    { url = "https://files.pythonhosted.org/packages/a4/28/9cc1b79639e284ec103f43c88c644db4eb58cbd0ea1ca11f1193435369ac/ruff-0.16.6-py3-none-linux_armv6l.whl", hash = "sha256:61c368c26bf8e973e5ab14a2772de587bc068ea3f9a277f673380749b4898fb8", size = 10015638, upload-time = "2026-09-03T16:56:40.986Z" },
    { url = "https://files.pythonhosted.org/packages/71/11/627d342ef727ea7794edf74fe23d60a074b02c3acc2e9436684e782286ca/ruff-0.16.6-py3-none-macosx_10_12_x86_64.whl", hash = "sha256:ecf4f068e2e123e43a26e9db4e19524cc56563912404e83bbfca375757e45a32", size = 10220762, upload-time = "2026-09-03T16:56:44.681Z" },
    { url = "https://files.pythonhosted.org/packages/43/d9/b75668ce41e4c8d073d18d6d08672ba6906ce45d5c06ea4fdb2e84ce3853/ruff-0.16.6-py3-none-macosx_11_0_arm64.whl", hash = "sha256:99b62ea33baf130f50368798d841f0d95527b6d817bf31817b65dd058f1d314c", size = 9835082, upload-time = "2026-09-03T16:56:47.142Z" },
    { url = "https://files.pythonhosted.org/packages/99/97/123ab10b05cde889c107c20f5a9774955104b5552796a2a8584b089ae8eb/ruff-0.16.6-py3-none-manylinux_2_17_aarch64.manylinux2014_aarch64.whl", hash = "sha256:7fbf89013f2bb3f6835a6038ff658dc8a1b38c98dc8e724b964168ad4e881876", size = 9949304, upload-time = "2026-09-03T16:56:49.813Z" },
    { url = "https://files.pythonhosted.org/packages/3e/58/a4a2c59dd2e5b85929c912d9cac3056eb9ee8c7e75e9b9fe3e109174966b/ruff-0.16.6-py3-none-manylinux_2_17_armv7l.manylinux2014_armv7l.whl", hash = "sha256:56a67065e22efa6bc4d498299d3bb06c0c90aace8fac2068b5a12f9dc4d8d51d", size = 9840612, upload-time = "2026-09-03T16:56:52.368Z" },
    { url = "https://files.pythonhosted.org/packages/61/6a/ff8c8626a786c4f49d48ced4a752dadbca65f5263005f9c2416578194694/ruff-0.16.6-py3-none-manylinux_2_17_i686.manylinux2014_i686.whl", hash = "sha256:e25cc89174874b176a157e4428d66761c2c0c006654419bf384f967f361ff1b1", size = 10543465, upload-time = "2026-09-03T16:56:55.089Z" },
    { url = "https://files.pythonhosted.org/packages/ad/bb/c47535923365f337b82e28192e4e9eef2176511007cfd99a62fc22df5dad/ruff-0.16.6-py3-none-manylinux_2_17_ppc64le.manylinux2014_ppc64le.whl", hash = "sha256:0700580ed5303723cb3c11c2f1d2a8913ce77b7ea86646dddb887f5417a9ba70", size = 11267576, upload-time = "2026-09-03T16:56:57.791Z" },
    { url = "https://files.pythonhosted.org/packages/ba/50/e5119a5212b5cd63b51e1f4b25e7bd636a6668fc069a3160b108ad7e3c16/ruff-0.16.6-py3-none-manylinux_2_17_s390x.manylinux2014_s390x.whl", hash = "sha256:15f1d0b6e165a6e56567befb6629f8209271311d990bae0f37e6d065035ef5f3", size = 10781993, upload-time = "2026-09-03T16:57:00.666Z" },
    { url = "https://files.pythonhosted.org/packages/8b/98/083d8b4ef3c51a0d19db84367791cbe9f44e4b53343d19dfa83556e1cd9a/ruff-0.16.6-py3-none-manylinux_2_17_x86_64.manylinux2014_x86_64.whl", hash = "sha256:d72c591a96986ee4268860e2b7235082129ca5e4cb9cbba653a4b57c11893757", size = 10317748, upload-time = "2026-09-03T16:57:03.428Z" },
    { url = "https://files.pythonhosted.org/packages/9a/29/68f7ff2c5ad95f19f00627ac2de95644e25fe47371ea60b2db1fd952315e/ruff-0.16.6-py3-none-manylinux_2_31_riscv64.whl", hash = "sha256:65a006baa18f33324325814c864daef03541d51564b98c517610ea756ab7003e", size = 10540096, upload-time = "2026-09-03T16:57:06.182Z" },
    { url = "https://files.pythonhosted.org/packages/c4/f9/79a8f6de85968641d68a7863aeec577551924ef066a990a48ff93167beab/ruff-0.16.6-py3-none-musllinux_1_2_aarch64.whl", hash = "sha256:cd02a7bf1a21a8735228a3e8c95a9dc5cf86bd2a52194f4aaae2a5755b4de0f4", size = 10100494, upload-time = "2026-09-03T16:57:09.194Z" },
    { url = "https://files.pythonhosted.org/packages/d9/e8/b81a22d9b90c00b892ccf2fa2ac36fa95de4c13ab85aea3e73795cfe4651/ruff-0.16.6-py3-none-musllinux_1_2_armv7l.whl", hash = "sha256:31b36f1e5ad85e0737f09d2be4e512e2e283583c14015da3b9dc07359ac0fc88", size = 9843663, upload-time = "2026-09-03T16:57:12.168Z" },
    { url = "https://files.pythonhosted.org/packages/39/aa/54f516ec5e5a11c4afdceb1c454ebb054ffb96e4f4a1705580b4346abd35/ruff-0.16.6-py3-none-musllinux_1_2_i686.whl", hash = "sha256:61029b4ab4aa723fd3064fab96b1d814492596bf0c792679fffcbde1e1679953", size = 10282461, upload-time = "2026-09-03T16:57:15.077Z" },
    { url = "https://files.pythonhosted.org/packages/52/0b/38d0aa8aa32372b96dc44f97b22e576c4147808271aab7b2cb1e353d4445/ruff-0.16.6-py3-none-musllinux_1_2_x86_64.whl", hash = "sha256:9ac8998457832c2061709d900856b7ad271dace0cb41f346588d540162bfa718", size = 10728808, upload-time = "2026-09-03T16:57:17.797Z" },
    { url = "https://files.pythonhosted.org/packages/5e/e5/9e274e24eeb027640ffc7442f21239f16d17f47acec15ae34f32e03a5c79/ruff-0.16.6-py3-none-win32.whl", hash = "sha256:0b87d9d16fcb63e8018423ca1d50b7260f15cb2da33e30db4baad4183a948c25", size = 10049212, upload-time = "2026-09-03T16:57:20.55Z" },
    { url = "https://files.pythonhosted.org/packages/22/31/72472449414223ed1a2da236b992adbb1a2ae59e34794574810f60ce068e/ruff-0.16.6-py3-none-win_amd64.whl", hash = "sha256:10d21c51c3495d8eaea7b703a16592117ea6eb1d649e36335aa965ff1173eb39", size = 10556402, upload-time = "2026-09-03T16:57:23.501Z" },
    { url = "https://files.pythonhosted.org/packages/fc/07/d781f8f8e1ac24bef9f3269cf62ffb1407ca24c3a8f12e5e22874f90528c/ruff-0.16.6-py3-none-win_arm64.whl", hash = "sha256:7a976c79b958f94e50a022a19f0f8c87387448020935ec14fc74331bd0a7f2c5", size = 10412850, upload-time = "2026-09-03T16:57:26.416Z" },
]

[[package]]
name = "typing-extensions"
version = "4.16.0"
source = { registry = "https://pypi.org/simple" }
sdist = { url = "https://files.pythonhosted.org/packages/f6/cc/6253133b5bb138fc3306cebfbda2c520f545d36b5be2c7255cc528bb45d6/typing_extensions-4.16.0.tar.gz", hash = "sha256:dc983d19a509c94dba722ee6abd33940f7c05a89e243c47e907eb4db6f1a43e5", size = 113555, upload-time = "2026-07-02T08:40:05.92Z" }
wheels = [
    { url = "https://files.pythonhosted.org/packages/49/d3/b8441a820a491ddfc024b0b0cf0393375b75ea13866d9c66727e54c2fc80/typing_extensions-4.16.0-py3-none-any.whl", hash = "sha256:481caa481374e813c1b176ada14e97f1f67a4539ce9cfeb3f350d78d6370c2e8", size = 45571, upload-time = "2026-07-02T08:40:04.659Z" },
]
